
Microsoft Visual Studio Solution File, Format Version 12.00
# Visual Studio Version 17
VisualStudioVersion = 17.5.002.0
MinimumVisualStudioVersion = 10.0.40219.1
Project("{2150E333-8FDC-42A3-9474-1A3956D46DE8}") = "src", "src", "{0F66D384-43FE-4EEC-94E1-5C1DC5198325}"
EndProject
Project("{2150E333-8FDC-42A3-9474-1A3956D46DE8}") = "Akka", "Akka", "{1EFFFBE2-33DD-4459-8F65-81939D4DA673}"
EndProject
Project("{9A19103F-16F7-4668-BE54-9A1E7A4F7556}") = "AkkaShared", "src\Akka\AkkaShared\AkkaShared.csproj", "{1A6A274D-10A7-4015-B4FC-6956F87458AD}"
EndProject
Project("{9A19103F-16F7-4668-BE54-9A1E7A4F7556}") = "AkkaWeatherStation", "src\Akka\AkkaWeatherStation\AkkaWeatherStation.csproj", "{742C321B-1E23-477B-9569-0F5B43FF2EE0}"
EndProject
Project("{FAE04EC0-301F-11D3-BF4B-00C04F79EFBC}") = "AkkaWeatherCollector", "src\Akka\AkkaWeatherCollector\AkkaWeatherCollector.csproj", "{1EE9C77C-5E8F-46EF-9BBC-F9978F99A529}"
EndProject
Project("{2150E333-8FDC-42A3-9474-1A3956D46DE8}") = "Orleans", "Orleans", "{5C1855EA-8698-4DDE-B8EB-2077175C0381}"
EndProject
Project("{FAE04EC0-301F-11D3-BF4B-00C04F79EFBC}") = "OrleansShared", "src\Orleans\OrleansShared\OrleansShared.csproj", "{CBAF2AF3-2E39-4E97-870F-B959A663507B}"
EndProject
Project("{FAE04EC0-301F-11D3-BF4B-00C04F79EFBC}") = "OrleansWeatherCollector", "src\Orleans\OrleansWeatherCollector\OrleansWeatherCollector.csproj", "{BFA8033D-DEB2-4492-9169-D9488402125C}"
EndProject
Project("{FAE04EC0-301F-11D3-BF4B-00C04F79EFBC}") = "OrleansWeatherStation", "src\Orleans\OrleansWeatherStation\OrleansWeatherStation.csproj", "{AF921365-ACE4-4D50-94E6-2A2E42F097BC}"
EndProject
Project("{2150E333-8FDC-42A3-9474-1A3956D46DE8}") = "Dapr", "Dapr", "{5708DE3E-3262-4C21-B7CB-6CA3024EDFF7}"
EndProject
Project("{FAE04EC0-301F-11D3-BF4B-00C04F79EFBC}") = "DaprShared", "src\Dapr\DaprShared\DaprShared.csproj", "{5163F96A-1E6A-429D-9BF4-9AB63D3CBE54}"
EndProject
Project("{FAE04EC0-301F-11D3-BF4B-00C04F79EFBC}") = "DaprWeatherCollector", "src\Dapr\DaprWeatherCollector\DaprWeatherCollector.csproj", "{3B4E3AC8-0BB6-4D58-AC26-0A282E3685A6}"
EndProject
Project("{FAE04EC0-301F-11D3-BF4B-00C04F79EFBC}") = "DaprWeatherStation", "src\Dapr\DaprWeatherStation\DaprWeatherStation.csproj", "{43A13225-87DE-4D0F-8026-CF8010D53058}"
EndProject
Project("{FAE04EC0-301F-11D3-BF4B-00C04F79EFBC}") = "Shared", "src\Shared\Shared.csproj", "{2DF30889-6598-428D-9900-7BBB5C01BEEE}"
EndProject
Global
	GlobalSection(SolutionConfigurationPlatforms) = preSolution
		Debug|Any CPU = Debug|Any CPU
		Release|Any CPU = Release|Any CPU
	EndGlobalSection
	GlobalSection(ProjectConfigurationPlatforms) = postSolution
		{1A6A274D-10A7-4015-B4FC-6956F87458AD}.Debug|Any CPU.ActiveCfg = Debug|Any CPU
		{1A6A274D-10A7-4015-B4FC-6956F87458AD}.Debug|Any CPU.Build.0 = Debug|Any CPU
		{1A6A274D-10A7-4015-B4FC-6956F87458AD}.Release|Any CPU.ActiveCfg = Release|Any CPU
		{1A6A274D-10A7-4015-B4FC-6956F87458AD}.Release|Any CPU.Build.0 = Release|Any CPU
		{742C321B-1E23-477B-9569-0F5B43FF2EE0}.Debug|Any CPU.ActiveCfg = Debug|Any CPU
		{742C321B-1E23-477B-9569-0F5B43FF2EE0}.Debug|Any CPU.Build.0 = Debug|Any CPU
		{742C321B-1E23-477B-9569-0F5B43FF2EE0}.Release|Any CPU.ActiveCfg = Release|Any CPU
		{742C321B-1E23-477B-9569-0F5B43FF2EE0}.Release|Any CPU.Build.0 = Release|Any CPU
		{1EE9C77C-5E8F-46EF-9BBC-F9978F99A529}.Debug|Any CPU.ActiveCfg = Debug|Any CPU
		{1EE9C77C-5E8F-46EF-9BBC-F9978F99A529}.Debug|Any CPU.Build.0 = Debug|Any CPU
		{1EE9C77C-5E8F-46EF-9BBC-F9978F99A529}.Release|Any CPU.ActiveCfg = Release|Any CPU
		{1EE9C77C-5E8F-46EF-9BBC-F9978F99A529}.Release|Any CPU.Build.0 = Release|Any CPU
		{CBAF2AF3-2E39-4E97-870F-B959A663507B}.Debug|Any CPU.ActiveCfg = Debug|Any CPU
		{CBAF2AF3-2E39-4E97-870F-B959A663507B}.Debug|Any CPU.Build.0 = Debug|Any CPU
		{CBAF2AF3-2E39-4E97-870F-B959A663507B}.Release|Any CPU.ActiveCfg = Release|Any CPU
		{CBAF2AF3-2E39-4E97-870F-B959A663507B}.Release|Any CPU.Build.0 = Release|Any CPU
		{BFA8033D-DEB2-4492-9169-D9488402125C}.Debug|Any CPU.ActiveCfg = Debug|Any CPU
		{BFA8033D-DEB2-4492-9169-D9488402125C}.Debug|Any CPU.Build.0 = Debug|Any CPU
		{BFA8033D-DEB2-4492-9169-D9488402125C}.Release|Any CPU.ActiveCfg = Release|Any CPU
		{BFA8033D-DEB2-4492-9169-D9488402125C}.Release|Any CPU.Build.0 = Release|Any CPU
		{AF921365-ACE4-4D50-94E6-2A2E42F097BC}.Debug|Any CPU.ActiveCfg = Debug|Any CPU
		{AF921365-ACE4-4D50-94E6-2A2E42F097BC}.Debug|Any CPU.Build.0 = Debug|Any CPU
		{AF921365-ACE4-4D50-94E6-2A2E42F097BC}.Release|Any CPU.ActiveCfg = Release|Any CPU
		{AF921365-ACE4-4D50-94E6-2A2E42F097BC}.Release|Any CPU.Build.0 = Release|Any CPU
		{5163F96A-1E6A-429D-9BF4-9AB63D3CBE54}.Debug|Any CPU.ActiveCfg = Debug|Any CPU
		{5163F96A-1E6A-429D-9BF4-9AB63D3CBE54}.Debug|Any CPU.Build.0 = Debug|Any CPU
		{5163F96A-1E6A-429D-9BF4-9AB63D3CBE54}.Release|Any CPU.ActiveCfg = Release|Any CPU
		{5163F96A-1E6A-429D-9BF4-9AB63D3CBE54}.Release|Any CPU.Build.0 = Release|Any CPU
		{3B4E3AC8-0BB6-4D58-AC26-0A282E3685A6}.Debug|Any CPU.ActiveCfg = Debug|Any CPU
		{3B4E3AC8-0BB6-4D58-AC26-0A282E3685A6}.Debug|Any CPU.Build.0 = Debug|Any CPU
		{3B4E3AC8-0BB6-4D58-AC26-0A282E3685A6}.Release|Any CPU.ActiveCfg = Release|Any CPU
		{3B4E3AC8-0BB6-4D58-AC26-0A282E3685A6}.Release|Any CPU.Build.0 = Release|Any CPU
		{43A13225-87DE-4D0F-8026-CF8010D53058}.Debug|Any CPU.ActiveCfg = Debug|Any CPU
		{43A13225-87DE-4D0F-8026-CF8010D53058}.Debug|Any CPU.Build.0 = Debug|Any CPU
		{43A13225-87DE-4D0F-8026-CF8010D53058}.Release|Any CPU.ActiveCfg = Release|Any CPU
		{43A13225-87DE-4D0F-8026-CF8010D53058}.Release|Any CPU.Build.0 = Release|Any CPU
		{2DF30889-6598-428D-9900-7BBB5C01BEEE}.Debug|Any CPU.ActiveCfg = Debug|Any CPU
		{2DF30889-6598-428D-9900-7BBB5C01BEEE}.Debug|Any CPU.Build.0 = Debug|Any CPU
		{2DF30889-6598-428D-9900-7BBB5C01BEEE}.Release|Any CPU.ActiveCfg = Release|Any CPU
		{2DF30889-6598-428D-9900-7BBB5C01BEEE}.Release|Any CPU.Build.0 = Release|Any CPU
	EndGlobalSection
	GlobalSection(SolutionProperties) = preSolution
		HideSolutionNode = FALSE
	EndGlobalSection
	GlobalSection(NestedProjects) = preSolution
		{1EFFFBE2-33DD-4459-8F65-81939D4DA673} = {0F66D384-43FE-4EEC-94E1-5C1DC5198325}
		{1A6A274D-10A7-4015-B4FC-6956F87458AD} = {1EFFFBE2-33DD-4459-8F65-81939D4DA673}
		{742C321B-1E23-477B-9569-0F5B43FF2EE0} = {1EFFFBE2-33DD-4459-8F65-81939D4DA673}
		{1EE9C77C-5E8F-46EF-9BBC-F9978F99A529} = {1EFFFBE2-33DD-4459-8F65-81939D4DA673}
		{5C1855EA-8698-4DDE-B8EB-2077175C0381} = {0F66D384-43FE-4EEC-94E1-5C1DC5198325}
		{CBAF2AF3-2E39-4E97-870F-B959A663507B} = {5C1855EA-8698-4DDE-B8EB-2077175C0381}
		{BFA8033D-DEB2-4492-9169-D9488402125C} = {5C1855EA-8698-4DDE-B8EB-2077175C0381}
		{AF921365-ACE4-4D50-94E6-2A2E42F097BC} = {5C1855EA-8698-4DDE-B8EB-2077175C0381}
		{5708DE3E-3262-4C21-B7CB-6CA3024EDFF7} = {0F66D384-43FE-4EEC-94E1-5C1DC5198325}
		{5163F96A-1E6A-429D-9BF4-9AB63D3CBE54} = {5708DE3E-3262-4C21-B7CB-6CA3024EDFF7}
		{3B4E3AC8-0BB6-4D58-AC26-0A282E3685A6} = {5708DE3E-3262-4C21-B7CB-6CA3024EDFF7}
		{43A13225-87DE-4D0F-8026-CF8010D53058} = {5708DE3E-3262-4C21-B7CB-6CA3024EDFF7}
		{2DF30889-6598-428D-9900-7BBB5C01BEEE} = {0F66D384-43FE-4EEC-94E1-5C1DC5198325}
	EndGlobalSection
	GlobalSection(ExtensibilityGlobals) = postSolution
		SolutionGuid = {4C749495-3A3C-4861-9297-3084BA2E6749}
	EndGlobalSection
EndGlobal
